{
  "name": "project",
  "version": "3.4.2",
  "lockfileVersion": 2,
  "requires": true,
  "packages": {
    "": {
      "name": "project",
      "version": "3.4.2",
      "dependencies": {
        "lru-cache": "^7.10.1"
      }
    },
    "node_modules/lru-cache": {
      "version": "7.13.2",
      "resolved": "https://registry.npmmirror.com/lru-cache/-/lru-cache-7.13.2.tgz",
      "integrity": "sha512-VJL3nIpA79TodY/ctmZEfhASgqekbT574/c4j3jn4bKXbSCnTTCH/KltZyvL2GlV+tGSMtsWyem8DCX7qKTMBA==",
      "engines": {
        "node": ">=12"
      }
    }
  },
  "dependencies": {
    "lru-cache": {
      "version": "7.13.2",
      "resolved": "https://registry.npmmirror.com/lru-cache/-/lru-cache-7.13.2.tgz",
      "integrity": "sha512-VJL3nIpA79TodY/ctmZEfhASgqekbT574/c4j3jn4bKXbSCnTTCH/KltZyvL2GlV+tGSMtsWyem8DCX7qKTMBA=="
    }
  }
}
